
Microsoft Visual Studio Solution File, Format Version 12.00
# Visual Studio Version 17
VisualStudioVersion = 17.12.35506.116
MinimumVisualStudioVersion = 10.0.40219.1
Project("{FAE04EC0-301F-11D3-BF4B-00C04F79EFBC}") = "Lib.Main", "Lib.Main\Lib.Main.csproj", "{9D0E8570-85BE-4475-B763-8F7FCAFE78BC}"
EndProject
Project("{FAE04EC0-301F-11D3-BF4B-00C04F79EFBC}") = "UI.Console.Main", "UI.Console.Main\UI.Console.Main.csproj", "{BB1368BE-EA3E-4A25-B8CB-6FD1505637A7}"
EndProject
Project("{FAE04EC0-301F-11D3-BF4B-00C04F79EFBC}") = "Lib.Main.Tests", "Lib.Main.Tests\Lib.Main.Tests.csproj", "{771AD534-7CBD-4C5F-A088-BA9B6FB4A32F}"
EndProject
Project("{FAE04EC0-301F-11D3-BF4B-00C04F79EFBC}") = "UI.Maui.Main", "UI.Maui.Main\UI.Maui.Main.csproj", "{C9BB7D46-BD3C-4E09-A6A2-57A9B02C693F}"
EndProject
Global
	GlobalSection(SolutionConfigurationPlatforms) = preSolution
		Debug|Any CPU = Debug|Any CPU
		Release|Any CPU = Release|Any CPU
	EndGlobalSection
	GlobalSection(ProjectConfigurationPlatforms) = postSolution
		{9D0E8570-85BE-4475-B763-8F7FCAFE78BC}.Debug|Any CPU.ActiveCfg = Debug|Any CPU
		{9D0E8570-85BE-4475-B763-8F7FCAFE78BC}.Debug|Any CPU.Build.0 = Debug|Any CPU
		{9D0E8570-85BE-4475-B763-8F7FCAFE78BC}.Release|Any CPU.ActiveCfg = Release|Any CPU
		{9D0E8570-85BE-4475-B763-8F7FCAFE78BC}.Release|Any CPU.Build.0 = Release|Any CPU
		{BB1368BE-EA3E-4A25-B8CB-6FD1505637A7}.Debug|Any CPU.ActiveCfg = Debug|Any CPU
		{BB1368BE-EA3E-4A25-B8CB-6FD1505637A7}.Debug|Any CPU.Build.0 = Debug|Any CPU
		{BB1368BE-EA3E-4A25-B8CB-6FD1505637A7}.Release|Any CPU.ActiveCfg = Release|Any CPU
		{BB1368BE-EA3E-4A25-B8CB-6FD1505637A7}.Release|Any CPU.Build.0 = Release|Any CPU
		{771AD534-7CBD-4C5F-A088-BA9B6FB4A32F}.Debug|Any CPU.ActiveCfg = Debug|Any CPU
		{771AD534-7CBD-4C5F-A088-BA9B6FB4A32F}.Debug|Any CPU.Build.0 = Debug|Any CPU
		{771AD534-7CBD-4C5F-A088-BA9B6FB4A32F}.Release|Any CPU.ActiveCfg = Release|Any CPU
		{771AD534-7CBD-4C5F-A088-BA9B6FB4A32F}.Release|Any CPU.Build.0 = Release|Any CPU
		{C9BB7D46-BD3C-4E09-A6A2-57A9B02C693F}.Debug|Any CPU.ActiveCfg = Debug|Any CPU
		{C9BB7D46-BD3C-4E09-A6A2-57A9B02C693F}.Debug|Any CPU.Build.0 = Debug|Any CPU
		{C9BB7D46-BD3C-4E09-A6A2-57A9B02C693F}.Release|Any CPU.ActiveCfg = Release|Any CPU
		{C9BB7D46-BD3C-4E09-A6A2-57A9B02C693F}.Release|Any CPU.Build.0 = Release|Any CPU
	EndGlobalSection
	GlobalSection(SolutionProperties) = preSolution
		HideSolutionNode = FALSE
	EndGlobalSection
EndGlobal
